// !$*UTF8*$!
{
	archiveVersion = 1;
	classes = {
	};
	objectVersion = 46;
	objects = {

/* Begin PBXBuildFile section */
		4B0D66A31DB273AB009028E7 /* AppDelegate.swift in Sources */ = {isa = PBXBuildFile; fileRef = 4B0D66A21DB273AB009028E7 /* AppDelegate.swift */; };
		4B0D66A51DB273AB009028E7 /* ViewController.swift in Sources */ = {isa = PBXBuildFile; fileRef = 4B0D66A41DB273AB009028E7 /* ViewController.swift */; };
		4B0D66A81DB273AB009028E7 /* Main.storyboard in Resources */ = {isa = PBXBuildFile; fileRef = 4B0D66A61DB273AB009028E7 /* Main.storyboard */; };
		4B0D66AA1DB273AB009028E7 /* Assets.xcassets in Resources */ = {isa = PBXBuildFile; fileRef = 4B0D66A91DB273AB009028E7 /* Assets.xcassets */; };
		4B0D66AD1DB273AB009028E7 /* LaunchScreen.storyboard in Resources */ = {isa = PBXBuildFile; fileRef = 4B0D66AB1DB273AB009028E7 /* LaunchScreen.storyboard */; };
		4B0D66B81DB273AB009028E7 /* _________Demo1Tests.swift in Sources */ = {isa = PBXBuildFile; fileRef = 4B0D66B71DB273AB009028E7 /* _________Demo1Tests.swift */; };
		4B0D66C31DB273AB009028E7 /* _________Demo1UITests.swift in Sources */ = {isa = PBXBuildFile; fileRef = 4B0D66C21DB273AB009028E7 /* _________Demo1UITests.swift */; };
/* End PBXBuildFile section */

/* Begin PBXContainerItemProxy section */
		4B0D66B41DB273AB009028E7 /* PBXContainerItemProxy */ = {
			isa = PBXContainerItemProxy;
			containerPortal = 4B0D66971DB273AB009028E7 /* Project object */;
			proxyType = 1;
			remoteGlobalIDString = 4B0D669E1DB273AB009028E7;
			remoteInfo = "警告视图和操作列表Demo1";
		};
		4B0D66BF1DB273AB009028E7 /* PBXContainerItemProxy */ = {
			isa = PBXContainerItemProxy;
			containerPortal = 4B0D66971DB273AB009028E7 /* Project object */;
			proxyType = 1;
			remoteGlobalIDString = 4B0D669E1DB273AB009028E7;
			remoteInfo = "警告视图和操作列表Demo1";
		};
/* End PBXContainerItemProxy section */

/* Begin PBXFileReference section */
		4B0D669F1DB273AB009028E7 /* 警告视图和操作列表Demo1.app */ = {isa = PBXFileReference; explicitFileType = wrapper.application; includeInIndex = 0; path = "警告视图和操作列表Demo1.app"; sourceTree = BUILT_PRODUCTS_DIR; };
		4B0D66A21DB273AB009028E7 /* AppDelegate.swift */ = {isa = PBXFileReference; lastKnownFileType = sourcecode.swift; path = AppDelegate.swift; sourceTree = "<group>"; };
		4B0D66A41DB273AB009028E7 /* ViewController.swift */ = {isa = PBXFileReference; lastKnownFileType = sourcecode.swift; path = ViewController.swift; sourceTree = "<group>"; };
		4B0D66A71DB273AB009028E7 /* Base */ = {isa = PBXFileReference; lastKnownFileType = file.storyboard; name = Base; path = Base.lproj/Main.storyboard; sourceTree = "<group>"; };
		4B0D66A91DB273AB009028E7 /* Assets.xcassets */ = {isa = PBXFileReference; lastKnownFileType = folder.assetcatalog; path = Assets.xcassets; sourceTree = "<group>"; };
		4B0D66AC1DB273AB009028E7 /* Base */ = {isa = PBXFileReference; lastKnownFileType = file.storyboard; name = Base; path = Base.lproj/LaunchScreen.storyboard; sourceTree = "<group>"; };
		4B0D66AE1DB273AB009028E7 /* Info.plist */ = {isa = PBXFileReference; lastKnownFileType = text.plist.xml; path = Info.plist; sourceTree = "<group>"; };
		4B0D66B31DB273AB009028E7 /* 警告视图和操作列表Demo1Tests.xctest */ = {isa = PBXFileReference; explicitFileType = wrapper.cfbundle; includeInIndex = 0; path = "警告视图和操作列表Demo1Tests.xctest"; sourceTree = BUILT_PRODUCTS_DIR; };
		4B0D66B71DB273AB009028E7 /* _________Demo1Tests.swift */ = {isa = PBXFileReference; lastKnownFileType = sourcecode.swift; path = "_________Demo1Tests.swift"; sourceTree = "<group>"; };
		4B0D66B91DB273AB009028E7 /* Info.plist */ = {isa = PBXFileReference; lastKnownFileType = text.plist.xml; path = Info.plist; sourceTree = "<group>"; };
		4B0D66BE1DB273AB009028E7 /* 警告视图和操作列表Demo1UITests.xctest */ = {isa = PBXFileReference; explicitFileType = wrapper.cfbundle; includeInIndex = 0; path = "警告视图和操作列表Demo1UITests.xctest"; sourceTree = BUILT_PRODUCTS_DIR; };
		4B0D66C21DB273AB009028E7 /* _________Demo1UITests.swift */ = {isa = PBXFileReference; lastKnownFileType = sourcecode.swift; path = "_________Demo1UITests.swift"; sourceTree = "<group>"; };
		4B0D66C41DB273AB009028E7 /* Info.plist */ = {isa = PBXFileReference; lastKnownFileType = text.plist.xml; path = Info.plist; sourceTree = "<group>"; };
/* End PBXFileReference section */

/* Begin PBXFrameworksBuildPhase section */
		4B0D669C1DB273AB009028E7 /* Frameworks */ = {
			isa = PBXFrameworksBuildPhase;
			buildActionMask = 2147483647;
			files = (
			);
			runOnlyForDeploymentPostprocessing = 0;
		};
		4B0D66B01DB273AB009028E7 /* Frameworks */ = {
			isa = PBXFrameworksBuildPhase;
			buildActionMask = 2147483647;
			files = (
			);
			runOnlyForDeploymentPostprocessing = 0;
		};
		4B0D66BB1DB273AB009028E7 /* Frameworks */ = {
			isa = PBXFrameworksBuildPhase;
			buildActionMask = 2147483647;
			files = (
			);
			runOnlyForDeploymentPostprocessing = 0;
		};
/* End PBXFrameworksBuildPhase section */

/* Begin PBXGroup section */
		4B0D66961DB273AB009028E7 = {
			isa = PBXGroup;
			children = (
				4B0D66A11DB273AB009028E7 /* 警告视图和操作列表Demo1 */,
				4B0D66B61DB273AB009028E7 /* 警告视图和操作列表Demo1Tests */,
				4B0D66C11DB273AB009028E7 /* 警告视图和操作列表Demo1UITests */,
				4B0D66A01DB273AB009028E7 /* Products */,
			);
			sourceTree = "<group>";
		};
		4B0D66A01DB273AB009028E7 /* Products */ = {
			isa = PBXGroup;
			children = (
				4B0D669F1DB273AB009028E7 /* 警告视图和操作列表Demo1.app */,
				4B0D66B31DB273AB009028E7 /* 警告视图和操作列表Demo1Tests.xctest */,
				4B0D66BE1DB273AB009028E7 /* 警告视图和操作列表Demo1UITests.xctest */,
			);
			name = Products;
			sourceTree = "<group>";
		};
		4B0D66A11DB273AB009028E7 /* 警告视图和操作列表Demo1 */ = {
			isa = PBXGroup;
			children = (
				4B0D66A21DB273AB009028E7 /* AppDelegate.swift */,
				4B0D66A41DB273AB009028E7 /* ViewController.swift */,
				4B0D66A61DB273AB009028E7 /* Main.storyboard */,
				4B0D66A91DB273AB009028E7 /* Assets.xcassets */,
				4B0D66AB1DB273AB009028E7 /* LaunchScreen.storyboard */,
				4B0D66AE1DB273AB009028E7 /* Info.plist */,
			);
			path = "警告视图和操作列表Demo1";
			sourceTree = "<group>";
		};
		4B0D66B61DB273AB009028E7 /* 警告视图和操作列表Demo1Tests */ = {
			isa = PBXGroup;
			children = (
				4B0D66B71DB273AB009028E7 /* _________Demo1Tests.swift */,
				4B0D66B91DB273AB009028E7 /* Info.plist */,
			);
			path = "警告视图和操作列表Demo1Tests";
			sourceTree = "<group>";
		};
		4B0D66C11DB273AB009028E7 /* 警告视图和操作列表Demo1UITests */ = {
			isa = PBXGroup;
			children = (
				4B0D66C21DB273AB009028E7 /* _________Demo1UITests.swift */,
				4B0D66C41DB273AB009028E7 /* Info.plist */,
			);
			path = "警告视图和操作列表Demo1UITests";
			sourceTree = "<group>";
		};
/* End PBXGroup section */

/* Begin PBXNativeTarget section */
		4B0D669E1DB273AB009028E7 /* 警告视图和操作列表Demo1 */ = {
			isa = PBXNativeTarget;
			buildConfigurationList = 4B0D66C71DB273AB009028E7 /* Build configuration list for PBXNativeTarget "警告视图和操作列表Demo1" */;
			buildPhases = (
				4B0D669B1DB273AB009028E7 /* Sources */,
				4B0D669C1DB273AB009028E7 /* Frameworks */,
				4B0D669D1DB273AB009028E7 /* Resources */,
			);
			buildRules = (
			);
			dependencies = (
			);
			name = "警告视图和操作列表Demo1";
			productName = "警告视图和操作列表Demo1";
			productReference = 4B0D669F1DB273AB009028E7 /* 警告视图和操作列表Demo1.app */;
			productType = "com.apple.product-type.application";
		};
		4B0D66B21DB273AB009028E7 /* 警告视图和操作列表Demo1Tests */ = {
			isa = PBXNativeTarget;
			buildConfigurationList = 4B0D66CA1DB273AB009028E7 /* Build configuration list for PBXNativeTarget "警告视图和操作列表Demo1Tests" */;
			buildPhases = (
				4B0D66AF1DB273AB009028E7 /* Sources */,
				4B0D66B01DB273AB009028E7 /* Frameworks */,
				4B0D66B11DB273AB009028E7 /* Resources */,
			);
			buildRules = (
			);
			dependencies = (
				4B0D66B51DB273AB009028E7 /* PBXTargetDependency */,
			);
			name = "警告视图和操作列表Demo1Tests";
			productName = "警告视图和操作列表Demo1Tests";
			productReference = 4B0D66B31DB273AB009028E7 /* 警告视图和操作列表Demo1Tests.xctest */;
			productType = "com.apple.product-type.bundle.unit-test";
		};
		4B0D66BD1DB273AB009028E7 /* 警告视图和操作列表Demo1UITests */ = {
			isa = PBXNativeTarget;
			buildConfigurationList = 4B0D66CD1DB273AB009028E7 /* Build configuration list for PBXNativeTarget "警告视图和操作列表Demo1UITests" */;
			buildPhases = (
				4B0D66BA1DB273AB009028E7 /* Sources */,
				4B0D66BB1DB273AB009028E7 /* Frameworks */,
				4B0D66BC1DB273AB009028E7 /* Resources */,
			);
			buildRules = (
			);
			dependencies = (
				4B0D66C01DB273AB009028E7 /* PBXTargetDependency */,
			);
			name = "警告视图和操作列表Demo1UITests";
			productName = "警告视图和操作列表Demo1UITests";
			productReference = 4B0D66BE1DB273AB009028E7 /* 警告视图和操作列表Demo1UITests.xctest */;
			productType = "com.apple.product-type.bundle.ui-testing";
		};
/* End PBXNativeTarget section */

/* Begin PBXProject section */
		4B0D66971DB273AB009028E7 /* Project object */ = {
			isa = PBXProject;
			attributes = {
				LastSwiftUpdateCheck = 0800;
				LastUpgradeCheck = 0800;
				ORGANIZATIONNAME = Jinyong;
				TargetAttributes = {
					4B0D669E1DB273AB009028E7 = {
						CreatedOnToolsVersion = 8.0;
						ProvisioningStyle = Automatic;
					};
					4B0D66B21DB273AB009028E7 = {
						CreatedOnToolsVersion = 8.0;
						ProvisioningStyle = Automatic;
						TestTargetID = 4B0D669E1DB273AB009028E7;
					};
					4B0D66BD1DB273AB009028E7 = {
						CreatedOnToolsVersion = 8.0;
						ProvisioningStyle = Automatic;
						TestTargetID = 4B0D669E1DB273AB009028E7;
					};
				};
			};
			buildConfigurationList = 4B0D669A1DB273AB009028E7 /* Build configuration list for PBXProject "警告视图和操作列表Demo1" */;
			compatibilityVersion = "Xcode 3.2";
			developmentRegion = English;
			hasScannedForEncodings = 0;
			knownRegions = (
				en,
				Base,
			);
			mainGroup = 4B0D66961DB273AB009028E7;
			productRefGroup = 4B0D66A01DB273AB009028E7 /* Products */;
			projectDirPath = "";
			projectRoot = "";
			targets = (
				4B0D669E1DB273AB009028E7 /* 警告视图和操作列表Demo1 */,
				4B0D66B21DB273AB009028E7 /* 警告视图和操作列表Demo1Tests */,
				4B0D66BD1DB273AB009028E7 /* 警告视图和操作列表Demo1UITests */,
			);
		};
/* End PBXProject section */

/* Begin PBXResourcesBuildPhase section */
		4B0D669D1DB273AB009028E7 /* Resources */ = {
			isa = PBXResourcesBuildPhase;
			buildActionMask = 2147483647;
			files = (
				4B0D66AD1DB273AB009028E7 /* LaunchScreen.storyboard in Resources */,
				4B0D66AA1DB273AB009028E7 /* Assets.xcassets in Resources */,
				4B0D66A81DB273AB009028E7 /* Main.storyboard in Resources */,
			);
			runOnlyForDeploymentPostprocessing = 0;
		};
		4B0D66B11DB273AB009028E7 /* Resources */ = {
			isa = PBXResourcesBuildPhase;
			buildActionMask = 2147483647;
			files = (
			);
			runOnlyForDeploymentPostprocessing = 0;
		};
		4B0D66BC1DB273AB009028E7 /* Resources */ = {
			isa = PBXResourcesBuildPhase;
			buildActionMask = 2147483647;
			files = (
			);
			runOnlyForDeploymentPostprocessing = 0;
		};
/* End PBXResourcesBuildPhase section */

/* Begin PBXSourcesBuildPhase section */
		4B0D669B1DB273AB009028E7 /* Sources */ = {
			isa = PBXSourcesBuildPhase;
			buildActionMask = 2147483647;
			files = (
				4B0D66A51DB273AB009028E7 /* ViewController.swift in Sources */,
				4B0D66A31DB273AB009028E7 /* AppDelegate.swift in Sources */,
			);
			runOnlyForDeploymentPostprocessing = 0;
		};
		4B0D66AF1DB273AB009028E7 /* Sources */ = {
			isa = PBXSourcesBuildPhase;
			buildActionMask = 2147483647;
			files = (
				4B0D66B81DB273AB009028E7 /* _________Demo1Tests.swift in Sources */,
			);
			runOnlyForDeploymentPostprocessing = 0;
		};
		4B0D66BA1DB273AB009028E7 /* Sources */ = {
			isa = PBXSourcesBuildPhase;
			buildActionMask = 2147483647;
			files = (
				4B0D66C31DB273AB009028E7 /* _________Demo1UITests.swift in Sources */,
			);
			runOnlyForDeploymentPostprocessing = 0;
		};
/* End PBXSourcesBuildPhase section */

/* Begin PBXTargetDependency section */
		4B0D66B51DB273AB009028E7 /* PBXTargetDependency */ = {
			isa = PBXTargetDependency;
			target = 4B0D669E1DB273AB009028E7 /* 警告视图和操作列表Demo1 */;
			targetProxy = 4B0D66B41DB273AB009028E7 /* PBXContainerItemProxy */;
		};
		4B0D66C01DB273AB009028E7 /* PBXTargetDependency */ = {
			isa = PBXTargetDependency;
			target = 4B0D669E1DB273AB009028E7 /* 警告视图和操作列表Demo1 */;
			targetProxy = 4B0D66BF1DB273AB009028E7 /* PBXContainerItemProxy */;
		};
/* End PBXTargetDependency section */

/* Begin PBXVariantGroup section */
		4B0D66A61DB273AB009028E7 /* Main.storyboard */ = {
			isa = PBXVariantGroup;
			children = (
				4B0D66A71DB273AB009028E7 /* Base */,
			);
			name = Main.storyboard;
			sourceTree = "<group>";
		};
		4B0D66AB1DB273AB009028E7 /* LaunchScreen.storyboard */ = {
			isa = PBXVariantGroup;
			children = (
				4B0D66AC1DB273AB009028E7 /* Base */,
			);
			name = LaunchScreen.storyboard;
			sourceTree = "<group>";
		};
/* End PBXVariantGroup section */

/* Begin XCBuildConfiguration section */
		4B0D66C51DB273AB009028E7 /* Debug */ = {
			isa = XCBuildConfiguration;
			buildSettings = {
				ALWAYS_SEARCH_USER_PATHS = NO;
				CLANG_ANALYZER_NONNULL = YES;
				CLANG_CXX_LANGUAGE_STANDARD = "gnu++0x";
				CLANG_CXX_LIBRARY = "libc++";
				CLANG_ENABLE_MODULES = YES;
				CLANG_ENABLE_OBJC_ARC = YES;
				CLANG_WARN_BOOL_CONVERSION = YES;
				CLANG_WARN_CONSTANT_CONVERSION = YES;
				CLANG_WARN_DIRECT_OBJC_ISA_USAGE = YES_ERROR;
				CLANG_WARN_DOCUMENTATION_COMMENTS = YES;
				CLANG_WARN_EMPTY_BODY = YES;
				CLANG_WARN_ENUM_CONVERSION = YES;
				CLANG_WARN_INFINITE_RECURSION = YES;
				CLANG_WARN_INT_CONVERSION = YES;
				CLANG_WARN_OBJC_ROOT_CLASS = YES_ERROR;
				CLANG_WARN_SUSPICIOUS_MOVES = YES;
				CLANG_WARN_UNREACHABLE_CODE = YES;
				CLANG_WARN__DUPLICATE_METHOD_MATCH = YES;
				"CODE_SIGN_IDENTITY[sdk=iphoneos*]" = "iPhone Developer";
				COPY_PHASE_STRIP = NO;
				DEBUG_INFORMATION_FORMAT = dwarf;
				ENABLE_STRICT_OBJC_MSGSEND = YES;
				ENABLE_TESTABILITY = YES;
				GCC_C_LANGUAGE_STANDARD = gnu99;
				GCC_DYNAMIC_NO_PIC = NO;
				GCC_NO_COMMON_BLOCKS = YES;
				GCC_OPTIMIZATION_LEVEL = 0;
				GCC_PREPROCESSOR_DEFINITIONS = (
					"DEBUG=1",
					"$(inherited)",
				);
				GCC_WARN_64_TO_32_BIT_CONVERSION = YES;
				GCC_WARN_ABOUT_RETURN_TYPE = YES_ERROR;
				GCC_WARN_UNDECLARED_SELECTOR = YES;
				GCC_WARN_UNINITIALIZED_AUTOS = YES_AGGRESSIVE;
				GCC_WARN_UNUSED_FUNCTION = YES;
				GCC_WARN_UNUSED_VARIABLE = YES;
				IPHONEOS_DEPLOYMENT_TARGET = 10.0;
				MTL_ENABLE_DEBUG_INFO = YES;
				ONLY_ACTIVE_ARCH = YES;
				SDKROOT = iphoneos;
				SWIFT_ACTIVE_COMPILATION_CONDITIONS = DEBUG;
				SWIFT_OPTIMIZATION_LEVEL = "-Onone";
				TARGETED_DEVICE_FAMILY = "1,2";
			};
			name = Debug;
		};
		4B0D66C61DB273AB009028E7 /* Release */ = {
			isa = XCBuildConfiguration;
			buildSettings = {
				ALWAYS_SEARCH_USER_PATHS = NO;
				CLANG_ANALYZER_NONNULL = YES;
				CLANG_CXX_LANGUAGE_STANDARD = "gnu++0x";
				CLANG_CXX_LIBRARY = "libc++";
				CLANG_ENABLE_MODULES = YES;
				CLANG_ENABLE_OBJC_ARC = YES;
				CLANG_WARN_BOOL_CONVERSION = YES;
				CLANG_WARN_CONSTANT_CONVERSION = YES;
				CLANG_WARN_DIRECT_OBJC_ISA_USAGE = YES_ERROR;
				CLANG_WARN_DOCUMENTATION_COMMENTS = YES;
				CLANG_WARN_EMPTY_BODY = YES;
				CLANG_WARN_ENUM_CONVERSION = YES;
				CLANG_WARN_INFINITE_RECURSION = YES;
				CLANG_WARN_INT_CONVERSION = YES;
				CLANG_WARN_OBJC_ROOT_CLASS = YES_ERROR;
				CLANG_WARN_SUSPICIOUS_MOVES = YES;
				CLANG_WARN_UNREACHABLE_CODE = YES;
				CLANG_WARN__DUPLICATE_METHOD_MATCH = YES;
				"CODE_SIGN_IDENTITY[sdk=iphoneos*]" = "iPhone Developer";
				COPY_PHASE_STRIP = NO;
				DEBUG_INFORMATION_FORMAT = "dwarf-with-dsym";
				ENABLE_NS_ASSERTIONS = NO;
				ENABLE_STRICT_OBJC_MSGSEND = YES;
				GCC_C_LANGUAGE_STANDARD = gnu99;
				GCC_NO_COMMON_BLOCKS = YES;
				GCC_WARN_64_TO_32_BIT_CONVERSION = YES;
				GCC_WARN_ABOUT_RETURN_TYPE = YES_ERROR;
				GCC_WARN_UNDECLARED_SELECTOR = YES;
				GCC_WARN_UNINITIALIZED_AUTOS = YES_AGGRESSIVE;
				GCC_WARN_UNUSED_FUNCTION = YES;
				GCC_WARN_UNUSED_VARIABLE = YES;
				IPHONEOS_DEPLOYMENT_TARGET = 10.0;
				MTL_ENABLE_DEBUG_INFO = NO;
				SDKROOT = iphoneos;
				SWIFT_OPTIMIZATION_LEVEL = "-Owholemodule";
				TARGETED_DEVICE_FAMILY = "1,2";
				VALIDATE_PRODUCT = YES;
			};
			name = Release;
		};
		4B0D66C81DB273AB009028E7 /* Debug */ = {
			isa = XCBuildConfiguration;
			buildSettings = {
				ASSETCATALOG_COMPILER_APPICON_NAME = AppIcon;
				INFOPLIST_FILE = "警告视图和操作列表Demo1/Info.plist";
				LD_RUNPATH_SEARCH_PATHS = "$(inherited) @executable_path/Frameworks";
				PRODUCT_BUNDLE_IDENTIFIER = "com.HuangJinyong.---------Demo1";
				PRODUCT_NAME = "$(TARGET_NAME)";
				SWIFT_VERSION = 3.0;
			};
			name = Debug;
		};
		4B0D66C91DB273AB009028E7 /* Release */ = {
			isa = XCBuildConfiguration;
			buildSettings = {
				ASSETCATALOG_COMPILER_APPICON_NAME = AppIcon;
				INFOPLIST_FILE = "警告视图和操作列表Demo1/Info.plist";
				LD_RUNPATH_SEARCH_PATHS = "$(inherited) @executable_path/Frameworks";
				PRODUCT_BUNDLE_IDENTIFIER = "com.HuangJinyong.---------Demo1";
				PRODUCT_NAME = "$(TARGET_NAME)";
				SWIFT_VERSION = 3.0;
			};
			name = Release;
		};
		4B0D66CB1DB273AB009028E7 /* Debug */ = {
			isa = XCBuildConfiguration;
			buildSettings = {
				ALWAYS_EMBED_SWIFT_STANDARD_LIBRARIES = YES;
				BUNDLE_LOADER = "$(TEST_HOST)";
				INFOPLIST_FILE = "警告视图和操作列表Demo1Tests/Info.plist";
				LD_RUNPATH_SEARCH_PATHS = "$(inherited) @executable_path/Frameworks @loader_path/Frameworks";
				PRODUCT_BUNDLE_IDENTIFIER = "com.HuangJinyong.---------Demo1Tests";
				PRODUCT_NAME = "$(TARGET_NAME)";
				SWIFT_VERSION = 3.0;
				TEST_HOST = "$(BUILT_PRODUCTS_DIR)/警告视图和操作列表Demo1.app/警告视图和操作列表Demo1";
			};
			name = Debug;
		};
		4B0D66CC1DB273AB009028E7 /* Release */ = {
			isa = XCBuildConfiguration;
			buildSettings = {
				ALWAYS_EMBED_SWIFT_STANDARD_LIBRARIES = YES;
				BUNDLE_LOADER = "$(TEST_HOST)";
				INFOPLIST_FILE = "警告视图和操作列表Demo1Tests/Info.plist";
				LD_RUNPATH_SEARCH_PATHS = "$(inherited) @executable_path/Frameworks @loader_path/Frameworks";
				PRODUCT_BUNDLE_IDENTIFIER = "com.HuangJinyong.---------Demo1Tests";
				PRODUCT_NAME = "$(TARGET_NAME)";
				SWIFT_VERSION = 3.0;
				TEST_HOST = "$(BUILT_PRODUCTS_DIR)/警告视图和操作列表Demo1.app/警告视图和操作列表Demo1";
			};
			name = Release;
		};
		4B0D66CE1DB273AB009028E7 /* Debug */ = {
			isa = XCBuildConfiguration;
			buildSettings = {
				ALWAYS_EMBED_SWIFT_STANDARD_LIBRARIES = YES;
				INFOPLIST_FILE = "警告视图和操作列表Demo1UITests/Info.plist";
				LD_RUNPATH_SEARCH_PATHS = "$(inherited) @executable_path/Frameworks @loader_path/Frameworks";
				PRODUCT_BUNDLE_IDENTIFIER = "com.HuangJinyong.---------Demo1UITests";
				PRODUCT_NAME = "$(TARGET_NAME)";
				SWIFT_VERSION = 3.0;
				TEST_TARGET_NAME = "警告视图和操作列表Demo1";
			};
			name = Debug;
		};
		4B0D66CF1DB273AB009028E7 /* Release */ = {
			isa = XCBuildConfiguration;
			buildSettings = {
				ALWAYS_EMBED_SWIFT_STANDARD_LIBRARIES = YES;
				INFOPLIST_FILE = "警告视图和操作列表Demo1UITests/Info.plist";
				LD_RUNPATH_SEARCH_PATHS = "$(inherited) @executable_path/Frameworks @loader_path/Frameworks";
				PRODUCT_BUNDLE_IDENTIFIER = "com.HuangJinyong.---------Demo1UITests";
				PRODUCT_NAME = "$(TARGET_NAME)";
				SWIFT_VERSION = 3.0;
				TEST_TARGET_NAME = "警告视图和操作列表Demo1";
			};
			name = Release;
		};
/* End XCBuildConfiguration section */

/* Begin XCConfigurationList section */
		4B0D669A1DB273AB009028E7 /* Build configuration list for PBXProject "警告视图和操作列表Demo1" */ = {
			isa = XCConfigurationList;
			buildConfigurations = (
				4B0D66C51DB273AB009028E7 /* Debug */,
				4B0D66C61DB273AB009028E7 /* Release */,
			);
			defaultConfigurationIsVisible = 0;
			defaultConfigurationName = Release;
		};
		4B0D66C71DB273AB009028E7 /* Build configuration list for PBXNativeTarget "警告视图和操作列表Demo1" */ = {
			isa = XCConfigurationList;
			buildConfigurations = (
				4B0D66C81DB273AB009028E7 /* Debug */,
				4B0D66C91DB273AB009028E7 /* Release */,
			);
			defaultConfigurationIsVisible = 0;
		};
		4B0D66CA1DB273AB009028E7 /* Build configuration list for PBXNativeTarget "警告视图和操作列表Demo1Tests" */ = {
			isa = XCConfigurationList;
			buildConfigurations = (
				4B0D66CB1DB273AB009028E7 /* Debug */,
				4B0D66CC1DB273AB009028E7 /* Release */,
			);
			defaultConfigurationIsVisible = 0;
		};
		4B0D66CD1DB273AB009028E7 /* Build configuration list for PBXNativeTarget "警告视图和操作列表Demo1UITests" */ = {
			isa = XCConfigurationList;
			buildConfigurations = (
				4B0D66CE1DB273AB009028E7 /* Debug */,
				4B0D66CF1DB273AB009028E7 /* Release */,
			);
			defaultConfigurationIsVisible = 0;
		};
/* End XCConfigurationList section */
	};
	rootObject = 4B0D66971DB273AB009028E7 /* Project object */;
}
