// !$*UTF8*$!
{
	archiveVersion = 1;
	classes = {
	};
	objectVersion = 46;
	objects = {

/* Begin PBXBuildFile section */
		4B47FD7F1DAFCBB70063EB85 /* AppDelegate.swift in Sources */ = {isa = PBXBuildFile; fileRef = 4B47FD7E1DAFCBB70063EB85 /* AppDelegate.swift */; };
		4B47FD811DAFCBB70063EB85 /* ViewController.swift in Sources */ = {isa = PBXBuildFile; fileRef = 4B47FD801DAFCBB70063EB85 /* ViewController.swift */; };
		4B47FD841DAFCBB70063EB85 /* Main.storyboard in Resources */ = {isa = PBXBuildFile; fileRef = 4B47FD821DAFCBB70063EB85 /* Main.storyboard */; };
		4B47FD861DAFCBB70063EB85 /* Assets.xcassets in Resources */ = {isa = PBXBuildFile; fileRef = 4B47FD851DAFCBB70063EB85 /* Assets.xcassets */; };
		4B47FD891DAFCBB70063EB85 /* LaunchScreen.storyboard in Resources */ = {isa = PBXBuildFile; fileRef = 4B47FD871DAFCBB70063EB85 /* LaunchScreen.storyboard */; };
		4B47FD941DAFCBB70063EB85 /* JYTextFileldTests.swift in Sources */ = {isa = PBXBuildFile; fileRef = 4B47FD931DAFCBB70063EB85 /* JYTextFileldTests.swift */; };
		4B47FD9F1DAFCBB70063EB85 /* JYTextFileldUITests.swift in Sources */ = {isa = PBXBuildFile; fileRef = 4B47FD9E1DAFCBB70063EB85 /* JYTextFileldUITests.swift */; };
		4B47FDAD1DAFCCED0063EB85 /* JYTextField.swift in Sources */ = {isa = PBXBuildFile; fileRef = 4B47FDAC1DAFCCED0063EB85 /* JYTextField.swift */; };
/* End PBXBuildFile section */

/* Begin PBXContainerItemProxy section */
		4B47FD901DAFCBB70063EB85 /* PBXContainerItemProxy */ = {
			isa = PBXContainerItemProxy;
			containerPortal = 4B47FD731DAFCBB70063EB85 /* Project object */;
			proxyType = 1;
			remoteGlobalIDString = 4B47FD7A1DAFCBB70063EB85;
			remoteInfo = JYTextFileld;
		};
		4B47FD9B1DAFCBB70063EB85 /* PBXContainerItemProxy */ = {
			isa = PBXContainerItemProxy;
			containerPortal = 4B47FD731DAFCBB70063EB85 /* Project object */;
			proxyType = 1;
			remoteGlobalIDString = 4B47FD7A1DAFCBB70063EB85;
			remoteInfo = JYTextFileld;
		};
/* End PBXContainerItemProxy section */

/* Begin PBXFileReference section */
		4B47FD7B1DAFCBB70063EB85 /* JYTextFileld.app */ = {isa = PBXFileReference; explicitFileType = wrapper.application; includeInIndex = 0; path = JYTextFileld.app; sourceTree = BUILT_PRODUCTS_DIR; };
		4B47FD7E1DAFCBB70063EB85 /* AppDelegate.swift */ = {isa = PBXFileReference; lastKnownFileType = sourcecode.swift; path = AppDelegate.swift; sourceTree = "<group>"; };
		4B47FD801DAFCBB70063EB85 /* ViewController.swift */ = {isa = PBXFileReference; lastKnownFileType = sourcecode.swift; path = ViewController.swift; sourceTree = "<group>"; };
		4B47FD831DAFCBB70063EB85 /* Base */ = {isa = PBXFileReference; lastKnownFileType = file.storyboard; name = Base; path = Base.lproj/Main.storyboard; sourceTree = "<group>"; };
		4B47FD851DAFCBB70063EB85 /* Assets.xcassets */ = {isa = PBXFileReference; lastKnownFileType = folder.assetcatalog; path = Assets.xcassets; sourceTree = "<group>"; };
		4B47FD881DAFCBB70063EB85 /* Base */ = {isa = PBXFileReference; lastKnownFileType = file.storyboard; name = Base; path = Base.lproj/LaunchScreen.storyboard; sourceTree = "<group>"; };
		4B47FD8A1DAFCBB70063EB85 /* Info.plist */ = {isa = PBXFileReference; lastKnownFileType = text.plist.xml; path = Info.plist; sourceTree = "<group>"; };
		4B47FD8F1DAFCBB70063EB85 /* JYTextFileldTests.xctest */ = {isa = PBXFileReference; explicitFileType = wrapper.cfbundle; includeInIndex = 0; path = JYTextFileldTests.xctest; sourceTree = BUILT_PRODUCTS_DIR; };
		4B47FD931DAFCBB70063EB85 /* JYTextFileldTests.swift */ = {isa = PBXFileReference; lastKnownFileType = sourcecode.swift; path = JYTextFileldTests.swift; sourceTree = "<group>"; };
		4B47FD951DAFCBB70063EB85 /* Info.plist */ = {isa = PBXFileReference; lastKnownFileType = text.plist.xml; path = Info.plist; sourceTree = "<group>"; };
		4B47FD9A1DAFCBB70063EB85 /* JYTextFileldUITests.xctest */ = {isa = PBXFileReference; explicitFileType = wrapper.cfbundle; includeInIndex = 0; path = JYTextFileldUITests.xctest; sourceTree = BUILT_PRODUCTS_DIR; };
		4B47FD9E1DAFCBB70063EB85 /* JYTextFileldUITests.swift */ = {isa = PBXFileReference; lastKnownFileType = sourcecode.swift; path = JYTextFileldUITests.swift; sourceTree = "<group>"; };
		4B47FDA01DAFCBB70063EB85 /* Info.plist */ = {isa = PBXFileReference; lastKnownFileType = text.plist.xml; path = Info.plist; sourceTree = "<group>"; };
		4B47FDAC1DAFCCED0063EB85 /* JYTextField.swift */ = {isa = PBXFileReference; fileEncoding = 4; lastKnownFileType = sourcecode.swift; path = JYTextField.swift; sourceTree = "<group>"; };
/* End PBXFileReference section */

/* Begin PBXFrameworksBuildPhase section */
		4B47FD781DAFCBB70063EB85 /* Frameworks */ = {
			isa = PBXFrameworksBuildPhase;
			buildActionMask = 2147483647;
			files = (
			);
			runOnlyForDeploymentPostprocessing = 0;
		};
		4B47FD8C1DAFCBB70063EB85 /* Frameworks */ = {
			isa = PBXFrameworksBuildPhase;
			buildActionMask = 2147483647;
			files = (
			);
			runOnlyForDeploymentPostprocessing = 0;
		};
		4B47FD971DAFCBB70063EB85 /* Frameworks */ = {
			isa = PBXFrameworksBuildPhase;
			buildActionMask = 2147483647;
			files = (
			);
			runOnlyForDeploymentPostprocessing = 0;
		};
/* End PBXFrameworksBuildPhase section */

/* Begin PBXGroup section */
		4B47FD721DAFCBB70063EB85 = {
			isa = PBXGroup;
			children = (
				4B47FD7D1DAFCBB70063EB85 /* JYTextFileld */,
				4B47FD921DAFCBB70063EB85 /* JYTextFileldTests */,
				4B47FD9D1DAFCBB70063EB85 /* JYTextFileldUITests */,
				4B47FD7C1DAFCBB70063EB85 /* Products */,
			);
			sourceTree = "<group>";
		};
		4B47FD7C1DAFCBB70063EB85 /* Products */ = {
			isa = PBXGroup;
			children = (
				4B47FD7B1DAFCBB70063EB85 /* JYTextFileld.app */,
				4B47FD8F1DAFCBB70063EB85 /* JYTextFileldTests.xctest */,
				4B47FD9A1DAFCBB70063EB85 /* JYTextFileldUITests.xctest */,
			);
			name = Products;
			sourceTree = "<group>";
		};
		4B47FD7D1DAFCBB70063EB85 /* JYTextFileld */ = {
			isa = PBXGroup;
			children = (
				4B47FD7E1DAFCBB70063EB85 /* AppDelegate.swift */,
				4B47FD801DAFCBB70063EB85 /* ViewController.swift */,
				4B47FDAC1DAFCCED0063EB85 /* JYTextField.swift */,
				4B47FD821DAFCBB70063EB85 /* Main.storyboard */,
				4B47FD851DAFCBB70063EB85 /* Assets.xcassets */,
				4B47FD871DAFCBB70063EB85 /* LaunchScreen.storyboard */,
				4B47FD8A1DAFCBB70063EB85 /* Info.plist */,
			);
			path = JYTextFileld;
			sourceTree = "<group>";
		};
		4B47FD921DAFCBB70063EB85 /* JYTextFileldTests */ = {
			isa = PBXGroup;
			children = (
				4B47FD931DAFCBB70063EB85 /* JYTextFileldTests.swift */,
				4B47FD951DAFCBB70063EB85 /* Info.plist */,
			);
			path = JYTextFileldTests;
			sourceTree = "<group>";
		};
		4B47FD9D1DAFCBB70063EB85 /* JYTextFileldUITests */ = {
			isa = PBXGroup;
			children = (
				4B47FD9E1DAFCBB70063EB85 /* JYTextFileldUITests.swift */,
				4B47FDA01DAFCBB70063EB85 /* Info.plist */,
			);
			path = JYTextFileldUITests;
			sourceTree = "<group>";
		};
/* End PBXGroup section */

/* Begin PBXNativeTarget section */
		4B47FD7A1DAFCBB70063EB85 /* JYTextFileld */ = {
			isa = PBXNativeTarget;
			buildConfigurationList = 4B47FDA31DAFCBB70063EB85 /* Build configuration list for PBXNativeTarget "JYTextFileld" */;
			buildPhases = (
				4B47FD771DAFCBB70063EB85 /* Sources */,
				4B47FD781DAFCBB70063EB85 /* Frameworks */,
				4B47FD791DAFCBB70063EB85 /* Resources */,
			);
			buildRules = (
			);
			dependencies = (
			);
			name = JYTextFileld;
			productName = JYTextFileld;
			productReference = 4B47FD7B1DAFCBB70063EB85 /* JYTextFileld.app */;
			productType = "com.apple.product-type.application";
		};
		4B47FD8E1DAFCBB70063EB85 /* JYTextFileldTests */ = {
			isa = PBXNativeTarget;
			buildConfigurationList = 4B47FDA61DAFCBB70063EB85 /* Build configuration list for PBXNativeTarget "JYTextFileldTests" */;
			buildPhases = (
				4B47FD8B1DAFCBB70063EB85 /* Sources */,
				4B47FD8C1DAFCBB70063EB85 /* Frameworks */,
				4B47FD8D1DAFCBB70063EB85 /* Resources */,
			);
			buildRules = (
			);
			dependencies = (
				4B47FD911DAFCBB70063EB85 /* PBXTargetDependency */,
			);
			name = JYTextFileldTests;
			productName = JYTextFileldTests;
			productReference = 4B47FD8F1DAFCBB70063EB85 /* JYTextFileldTests.xctest */;
			productType = "com.apple.product-type.bundle.unit-test";
		};
		4B47FD991DAFCBB70063EB85 /* JYTextFileldUITests */ = {
			isa = PBXNativeTarget;
			buildConfigurationList = 4B47FDA91DAFCBB70063EB85 /* Build configuration list for PBXNativeTarget "JYTextFileldUITests" */;
			buildPhases = (
				4B47FD961DAFCBB70063EB85 /* Sources */,
				4B47FD971DAFCBB70063EB85 /* Frameworks */,
				4B47FD981DAFCBB70063EB85 /* Resources */,
			);
			buildRules = (
			);
			dependencies = (
				4B47FD9C1DAFCBB70063EB85 /* PBXTargetDependency */,
			);
			name = JYTextFileldUITests;
			productName = JYTextFileldUITests;
			productReference = 4B47FD9A1DAFCBB70063EB85 /* JYTextFileldUITests.xctest */;
			productType = "com.apple.product-type.bundle.ui-testing";
		};
/* End PBXNativeTarget section */

/* Begin PBXProject section */
		4B47FD731DAFCBB70063EB85 /* Project object */ = {
			isa = PBXProject;
			attributes = {
				LastSwiftUpdateCheck = 0800;
				LastUpgradeCheck = 0800;
				ORGANIZATIONNAME = Jinyong;
				TargetAttributes = {
					4B47FD7A1DAFCBB70063EB85 = {
						CreatedOnToolsVersion = 8.0;
						ProvisioningStyle = Automatic;
					};
					4B47FD8E1DAFCBB70063EB85 = {
						CreatedOnToolsVersion = 8.0;
						ProvisioningStyle = Automatic;
						TestTargetID = 4B47FD7A1DAFCBB70063EB85;
					};
					4B47FD991DAFCBB70063EB85 = {
						CreatedOnToolsVersion = 8.0;
						ProvisioningStyle = Automatic;
						TestTargetID = 4B47FD7A1DAFCBB70063EB85;
					};
				};
			};
			buildConfigurationList = 4B47FD761DAFCBB70063EB85 /* Build configuration list for PBXProject "JYTextFileld" */;
			compatibilityVersion = "Xcode 3.2";
			developmentRegion = English;
			hasScannedForEncodings = 0;
			knownRegions = (
				en,
				Base,
			);
			mainGroup = 4B47FD721DAFCBB70063EB85;
			productRefGroup = 4B47FD7C1DAFCBB70063EB85 /* Products */;
			projectDirPath = "";
			projectRoot = "";
			targets = (
				4B47FD7A1DAFCBB70063EB85 /* JYTextFileld */,
				4B47FD8E1DAFCBB70063EB85 /* JYTextFileldTests */,
				4B47FD991DAFCBB70063EB85 /* JYTextFileldUITests */,
			);
		};
/* End PBXProject section */

/* Begin PBXResourcesBuildPhase section */
		4B47FD791DAFCBB70063EB85 /* Resources */ = {
			isa = PBXResourcesBuildPhase;
			buildActionMask = 2147483647;
			files = (
				4B47FD891DAFCBB70063EB85 /* LaunchScreen.storyboard in Resources */,
				4B47FD861DAFCBB70063EB85 /* Assets.xcassets in Resources */,
				4B47FD841DAFCBB70063EB85 /* Main.storyboard in Resources */,
			);
			runOnlyForDeploymentPostprocessing = 0;
		};
		4B47FD8D1DAFCBB70063EB85 /* Resources */ = {
			isa = PBXResourcesBuildPhase;
			buildActionMask = 2147483647;
			files = (
			);
			runOnlyForDeploymentPostprocessing = 0;
		};
		4B47FD981DAFCBB70063EB85 /* Resources */ = {
			isa = PBXResourcesBuildPhase;
			buildActionMask = 2147483647;
			files = (
			);
			runOnlyForDeploymentPostprocessing = 0;
		};
/* End PBXResourcesBuildPhase section */

/* Begin PBXSourcesBuildPhase section */
		4B47FD771DAFCBB70063EB85 /* Sources */ = {
			isa = PBXSourcesBuildPhase;
			buildActionMask = 2147483647;
			files = (
				4B47FD811DAFCBB70063EB85 /* ViewController.swift in Sources */,
				4B47FD7F1DAFCBB70063EB85 /* AppDelegate.swift in Sources */,
				4B47FDAD1DAFCCED0063EB85 /* JYTextField.swift in Sources */,
			);
			runOnlyForDeploymentPostprocessing = 0;
		};
		4B47FD8B1DAFCBB70063EB85 /* Sources */ = {
			isa = PBXSourcesBuildPhase;
			buildActionMask = 2147483647;
			files = (
				4B47FD941DAFCBB70063EB85 /* JYTextFileldTests.swift in Sources */,
			);
			runOnlyForDeploymentPostprocessing = 0;
		};
		4B47FD961DAFCBB70063EB85 /* Sources */ = {
			isa = PBXSourcesBuildPhase;
			buildActionMask = 2147483647;
			files = (
				4B47FD9F1DAFCBB70063EB85 /* JYTextFileldUITests.swift in Sources */,
			);
			runOnlyForDeploymentPostprocessing = 0;
		};
/* End PBXSourcesBuildPhase section */

/* Begin PBXTargetDependency section */
		4B47FD911DAFCBB70063EB85 /* PBXTargetDependency */ = {
			isa = PBXTargetDependency;
			target = 4B47FD7A1DAFCBB70063EB85 /* JYTextFileld */;
			targetProxy = 4B47FD901DAFCBB70063EB85 /* PBXContainerItemProxy */;
		};
		4B47FD9C1DAFCBB70063EB85 /* PBXTargetDependency */ = {
			isa = PBXTargetDependency;
			target = 4B47FD7A1DAFCBB70063EB85 /* JYTextFileld */;
			targetProxy = 4B47FD9B1DAFCBB70063EB85 /* PBXContainerItemProxy */;
		};
/* End PBXTargetDependency section */

/* Begin PBXVariantGroup section */
		4B47FD821DAFCBB70063EB85 /* Main.storyboard */ = {
			isa = PBXVariantGroup;
			children = (
				4B47FD831DAFCBB70063EB85 /* Base */,
			);
			name = Main.storyboard;
			sourceTree = "<group>";
		};
		4B47FD871DAFCBB70063EB85 /* LaunchScreen.storyboard */ = {
			isa = PBXVariantGroup;
			children = (
				4B47FD881DAFCBB70063EB85 /* Base */,
			);
			name = LaunchScreen.storyboard;
			sourceTree = "<group>";
		};
/* End PBXVariantGroup section */

/* Begin XCBuildConfiguration section */
		4B47FDA11DAFCBB70063EB85 /* Debug */ = {
			isa = XCBuildConfiguration;
			buildSettings = {
				ALWAYS_SEARCH_USER_PATHS = NO;
				CLANG_ANALYZER_NONNULL = YES;
				CLANG_CXX_LANGUAGE_STANDARD = "gnu++0x";
				CLANG_CXX_LIBRARY = "libc++";
				CLANG_ENABLE_MODULES = YES;
				CLANG_ENABLE_OBJC_ARC = YES;
				CLANG_WARN_BOOL_CONVERSION = YES;
				CLANG_WARN_CONSTANT_CONVERSION = YES;
				CLANG_WARN_DIRECT_OBJC_ISA_USAGE = YES_ERROR;
				CLANG_WARN_DOCUMENTATION_COMMENTS = YES;
				CLANG_WARN_EMPTY_BODY = YES;
				CLANG_WARN_ENUM_CONVERSION = YES;
				CLANG_WARN_INFINITE_RECURSION = YES;
				CLANG_WARN_INT_CONVERSION = YES;
				CLANG_WARN_OBJC_ROOT_CLASS = YES_ERROR;
				CLANG_WARN_SUSPICIOUS_MOVES = YES;
				CLANG_WARN_UNREACHABLE_CODE = YES;
				CLANG_WARN__DUPLICATE_METHOD_MATCH = YES;
				"CODE_SIGN_IDENTITY[sdk=iphoneos*]" = "iPhone Developer";
				COPY_PHASE_STRIP = NO;
				DEBUG_INFORMATION_FORMAT = dwarf;
				ENABLE_STRICT_OBJC_MSGSEND = YES;
				ENABLE_TESTABILITY = YES;
				GCC_C_LANGUAGE_STANDARD = gnu99;
				GCC_DYNAMIC_NO_PIC = NO;
				GCC_NO_COMMON_BLOCKS = YES;
				GCC_OPTIMIZATION_LEVEL = 0;
				GCC_PREPROCESSOR_DEFINITIONS = (
					"DEBUG=1",
					"$(inherited)",
				);
				GCC_WARN_64_TO_32_BIT_CONVERSION = YES;
				GCC_WARN_ABOUT_RETURN_TYPE = YES_ERROR;
				GCC_WARN_UNDECLARED_SELECTOR = YES;
				GCC_WARN_UNINITIALIZED_AUTOS = YES_AGGRESSIVE;
				GCC_WARN_UNUSED_FUNCTION = YES;
				GCC_WARN_UNUSED_VARIABLE = YES;
				IPHONEOS_DEPLOYMENT_TARGET = 10.0;
				MTL_ENABLE_DEBUG_INFO = YES;
				ONLY_ACTIVE_ARCH = YES;
				SDKROOT = iphoneos;
				SWIFT_ACTIVE_COMPILATION_CONDITIONS = DEBUG;
				SWIFT_OPTIMIZATION_LEVEL = "-Onone";
				TARGETED_DEVICE_FAMILY = "1,2";
			};
			name = Debug;
		};
		4B47FDA21DAFCBB70063EB85 /* Release */ = {
			isa = XCBuildConfiguration;
			buildSettings = {
				ALWAYS_SEARCH_USER_PATHS = NO;
				CLANG_ANALYZER_NONNULL = YES;
				CLANG_CXX_LANGUAGE_STANDARD = "gnu++0x";
				CLANG_CXX_LIBRARY = "libc++";
				CLANG_ENABLE_MODULES = YES;
				CLANG_ENABLE_OBJC_ARC = YES;
				CLANG_WARN_BOOL_CONVERSION = YES;
				CLANG_WARN_CONSTANT_CONVERSION = YES;
				CLANG_WARN_DIRECT_OBJC_ISA_USAGE = YES_ERROR;
				CLANG_WARN_DOCUMENTATION_COMMENTS = YES;
				CLANG_WARN_EMPTY_BODY = YES;
				CLANG_WARN_ENUM_CONVERSION = YES;
				CLANG_WARN_INFINITE_RECURSION = YES;
				CLANG_WARN_INT_CONVERSION = YES;
				CLANG_WARN_OBJC_ROOT_CLASS = YES_ERROR;
				CLANG_WARN_SUSPICIOUS_MOVES = YES;
				CLANG_WARN_UNREACHABLE_CODE = YES;
				CLANG_WARN__DUPLICATE_METHOD_MATCH = YES;
				"CODE_SIGN_IDENTITY[sdk=iphoneos*]" = "iPhone Developer";
				COPY_PHASE_STRIP = NO;
				DEBUG_INFORMATION_FORMAT = "dwarf-with-dsym";
				ENABLE_NS_ASSERTIONS = NO;
				ENABLE_STRICT_OBJC_MSGSEND = YES;
				GCC_C_LANGUAGE_STANDARD = gnu99;
				GCC_NO_COMMON_BLOCKS = YES;
				GCC_WARN_64_TO_32_BIT_CONVERSION = YES;
				GCC_WARN_ABOUT_RETURN_TYPE = YES_ERROR;
				GCC_WARN_UNDECLARED_SELECTOR = YES;
				GCC_WARN_UNINITIALIZED_AUTOS = YES_AGGRESSIVE;
				GCC_WARN_UNUSED_FUNCTION = YES;
				GCC_WARN_UNUSED_VARIABLE = YES;
				IPHONEOS_DEPLOYMENT_TARGET = 10.0;
				MTL_ENABLE_DEBUG_INFO = NO;
				SDKROOT = iphoneos;
				SWIFT_OPTIMIZATION_LEVEL = "-Owholemodule";
				TARGETED_DEVICE_FAMILY = "1,2";
				VALIDATE_PRODUCT = YES;
			};
			name = Release;
		};
		4B47FDA41DAFCBB70063EB85 /* Debug */ = {
			isa = XCBuildConfiguration;
			buildSettings = {
				ASSETCATALOG_COMPILER_APPICON_NAME = AppIcon;
				INFOPLIST_FILE = JYTextFileld/Info.plist;
				LD_RUNPATH_SEARCH_PATHS = "$(inherited) @executable_path/Frameworks";
				PRODUCT_BUNDLE_IDENTIFIER = com.HuangJinyong.JYTextFileld;
				PRODUCT_NAME = "$(TARGET_NAME)";
				SWIFT_VERSION = 3.0;
			};
			name = Debug;
		};
		4B47FDA51DAFCBB70063EB85 /* Release */ = {
			isa = XCBuildConfiguration;
			buildSettings = {
				ASSETCATALOG_COMPILER_APPICON_NAME = AppIcon;
				INFOPLIST_FILE = JYTextFileld/Info.plist;
				LD_RUNPATH_SEARCH_PATHS = "$(inherited) @executable_path/Frameworks";
				PRODUCT_BUNDLE_IDENTIFIER = com.HuangJinyong.JYTextFileld;
				PRODUCT_NAME = "$(TARGET_NAME)";
				SWIFT_VERSION = 3.0;
			};
			name = Release;
		};
		4B47FDA71DAFCBB70063EB85 /* Debug */ = {
			isa = XCBuildConfiguration;
			buildSettings = {
				ALWAYS_EMBED_SWIFT_STANDARD_LIBRARIES = YES;
				BUNDLE_LOADER = "$(TEST_HOST)";
				INFOPLIST_FILE = JYTextFileldTests/Info.plist;
				LD_RUNPATH_SEARCH_PATHS = "$(inherited) @executable_path/Frameworks @loader_path/Frameworks";
				PRODUCT_BUNDLE_IDENTIFIER = com.HuangJinyong.JYTextFileldTests;
				PRODUCT_NAME = "$(TARGET_NAME)";
				SWIFT_VERSION = 3.0;
				TEST_HOST = "$(BUILT_PRODUCTS_DIR)/JYTextFileld.app/JYTextFileld";
			};
			name = Debug;
		};
		4B47FDA81DAFCBB70063EB85 /* Release */ = {
			isa = XCBuildConfiguration;
			buildSettings = {
				ALWAYS_EMBED_SWIFT_STANDARD_LIBRARIES = YES;
				BUNDLE_LOADER = "$(TEST_HOST)";
				INFOPLIST_FILE = JYTextFileldTests/Info.plist;
				LD_RUNPATH_SEARCH_PATHS = "$(inherited) @executable_path/Frameworks @loader_path/Frameworks";
				PRODUCT_BUNDLE_IDENTIFIER = com.HuangJinyong.JYTextFileldTests;
				PRODUCT_NAME = "$(TARGET_NAME)";
				SWIFT_VERSION = 3.0;
				TEST_HOST = "$(BUILT_PRODUCTS_DIR)/JYTextFileld.app/JYTextFileld";
			};
			name = Release;
		};
		4B47FDAA1DAFCBB70063EB85 /* Debug */ = {
			isa = XCBuildConfiguration;
			buildSettings = {
				ALWAYS_EMBED_SWIFT_STANDARD_LIBRARIES = YES;
				INFOPLIST_FILE = JYTextFileldUITests/Info.plist;
				LD_RUNPATH_SEARCH_PATHS = "$(inherited) @executable_path/Frameworks @loader_path/Frameworks";
				PRODUCT_BUNDLE_IDENTIFIER = com.HuangJinyong.JYTextFileldUITests;
				PRODUCT_NAME = "$(TARGET_NAME)";
				SWIFT_VERSION = 3.0;
				TEST_TARGET_NAME = JYTextFileld;
			};
			name = Debug;
		};
		4B47FDAB1DAFCBB70063EB85 /* Release */ = {
			isa = XCBuildConfiguration;
			buildSettings = {
				ALWAYS_EMBED_SWIFT_STANDARD_LIBRARIES = YES;
				INFOPLIST_FILE = JYTextFileldUITests/Info.plist;
				LD_RUNPATH_SEARCH_PATHS = "$(inherited) @executable_path/Frameworks @loader_path/Frameworks";
				PRODUCT_BUNDLE_IDENTIFIER = com.HuangJinyong.JYTextFileldUITests;
				PRODUCT_NAME = "$(TARGET_NAME)";
				SWIFT_VERSION = 3.0;
				TEST_TARGET_NAME = JYTextFileld;
			};
			name = Release;
		};
/* End XCBuildConfiguration section */

/* Begin XCConfigurationList section */
		4B47FD761DAFCBB70063EB85 /* Build configuration list for PBXProject "JYTextFileld" */ = {
			isa = XCConfigurationList;
			buildConfigurations = (
				4B47FDA11DAFCBB70063EB85 /* Debug */,
				4B47FDA21DAFCBB70063EB85 /* Release */,
			);
			defaultConfigurationIsVisible = 0;
			defaultConfigurationName = Release;
		};
		4B47FDA31DAFCBB70063EB85 /* Build configuration list for PBXNativeTarget "JYTextFileld" */ = {
			isa = XCConfigurationList;
			buildConfigurations = (
				4B47FDA41DAFCBB70063EB85 /* Debug */,
				4B47FDA51DAFCBB70063EB85 /* Release */,
			);
			defaultConfigurationIsVisible = 0;
		};
		4B47FDA61DAFCBB70063EB85 /* Build configuration list for PBXNativeTarget "JYTextFileldTests" */ = {
			isa = XCConfigurationList;
			buildConfigurations = (
				4B47FDA71DAFCBB70063EB85 /* Debug */,
				4B47FDA81DAFCBB70063EB85 /* Release */,
			);
			defaultConfigurationIsVisible = 0;
		};
		4B47FDA91DAFCBB70063EB85 /* Build configuration list for PBXNativeTarget "JYTextFileldUITests" */ = {
			isa = XCConfigurationList;
			buildConfigurations = (
				4B47FDAA1DAFCBB70063EB85 /* Debug */,
				4B47FDAB1DAFCBB70063EB85 /* Release */,
			);
			defaultConfigurationIsVisible = 0;
		};
/* End XCConfigurationList section */
	};
	rootObject = 4B47FD731DAFCBB70063EB85 /* Project object */;
}
